// !$*UTF8*$!
{
	archiveVersion = 1;
	classes = {
	};
	objectVersion = 46;
	objects = {

/* Begin PBXBuildFile section */
		AC0980BCA303462A9DCBF4A0 /* libPods.a in Frameworks */ = {isa = PBXBuildFile; fileRef = 92326355EAA240B3A6522F68 /* libPods.a */; };
		B60AA526192C0DC100B1914A /* Base64.m in Sources */ = {isa = PBXBuildFile; fileRef = B60AA523192C0DC100B1914A /* Base64.m */; };
		B60AA527192C0DC100B1914A /* NSData+Base64.m in Sources */ = {isa = PBXBuildFile; fileRef = B60AA525192C0DC100B1914A /* NSData+Base64.m */; };
		B622B16B185CE0E1001FE09B /* FSNavigationBarWithSegmentedControl.m in Sources */ = {isa = PBXBuildFile; fileRef = B622B16A185CE0E1001FE09B /* FSNavigationBarWithSegmentedControl.m */; };
		B622B16E185D3FAC001FE09B /* FSTorrent.m in Sources */ = {isa = PBXBuildFile; fileRef = B622B16D185D3FAC001FE09B /* FSTorrent.m */; };
		B68A1BA51858D8B90016B37B /* Foundation.framework in Frameworks */ = {isa = PBXBuildFile; fileRef = B68A1BA41858D8B90016B37B /* Foundation.framework */; };
		B68A1BA71858D8B90016B37B /* CoreGraphics.framework in Frameworks */ = {isa = PBXBuildFile; fileRef = B68A1BA61858D8B90016B37B /* CoreGraphics.framework */; };
		B68A1BA91858D8B90016B37B /* UIKit.framework in Frameworks */ = {isa = PBXBuildFile; fileRef = B68A1BA81858D8B90016B37B /* UIKit.framework */; };
		B68A1BAF1858D8B90016B37B /* InfoPlist.strings in Resources */ = {isa = PBXBuildFile; fileRef = B68A1BAD1858D8B90016B37B /* InfoPlist.strings */; };
		B68A1BB11858D8B90016B37B /* main.m in Sources */ = {isa = PBXBuildFile; fileRef = B68A1BB01858D8B90016B37B /* main.m */; };
		B68A1BB51858D8B90016B37B /* FSAppDelegate.m in Sources */ = {isa = PBXBuildFile; fileRef = B68A1BB41858D8B90016B37B /* FSAppDelegate.m */; };
		B68A1BB81858D8B90016B37B /* Main_iPhone.storyboard in Resources */ = {isa = PBXBuildFile; fileRef = B68A1BB61858D8B90016B37B /* Main_iPhone.storyboard */; };
		B68A1BBB1858D8B90016B37B /* Main_iPad.storyboard in Resources */ = {isa = PBXBuildFile; fileRef = B68A1BB91858D8B90016B37B /* Main_iPad.storyboard */; };
		B68A1BC31858D8BA0016B37B /* Images.xcassets in Resources */ = {isa = PBXBuildFile; fileRef = B68A1BC21858D8BA0016B37B /* Images.xcassets */; };
		B68A1BCA1858D8BA0016B37B /* XCTest.framework in Frameworks */ = {isa = PBXBuildFile; fileRef = B68A1BC91858D8BA0016B37B /* XCTest.framework */; };
		B68A1BCB1858D8BA0016B37B /* Foundation.framework in Frameworks */ = {isa = PBXBuildFile; fileRef = B68A1BA41858D8B90016B37B /* Foundation.framework */; };
		B68A1BCC1858D8BA0016B37B /* UIKit.framework in Frameworks */ = {isa = PBXBuildFile; fileRef = B68A1BA81858D8B90016B37B /* UIKit.framework */; };
		B68A1BD41858D8BA0016B37B /* InfoPlist.strings in Resources */ = {isa = PBXBuildFile; fileRef = B68A1BD21858D8BA0016B37B /* InfoPlist.strings */; };
		B68A1BD61858D8BA0016B37B /* rpctransmissionTests.m in Sources */ = {isa = PBXBuildFile; fileRef = B68A1BD51858D8BA0016B37B /* rpctransmissionTests.m */; };
		B68A1BE21858D9410016B37B /* FSTorrentsViewController.m in Sources */ = {isa = PBXBuildFile; fileRef = B68A1BE11858D9410016B37B /* FSTorrentsViewController.m */; };
/* End PBXBuildFile section */

/* Begin PBXContainerItemProxy section */
		B68A1BCD1858D8BA0016B37B /* PBXContainerItemProxy */ = {
			isa = PBXContainerItemProxy;
			containerPortal = B68A1B991858D8B90016B37B /* Project object */;
			proxyType = 1;
			remoteGlobalIDString = B68A1BA01858D8B90016B37B;
			remoteInfo = rpctransmission;
		};
/* End PBXContainerItemProxy section */

/* Begin PBXFileReference section */
		85668CDE2DE14290B3A25B23 /* Pods.xcconfig */ = {isa = PBXFileReference; includeInIndex = 1; lastKnownFileType = text.xcconfig; name = Pods.xcconfig; path = Pods/Pods.xcconfig; sourceTree = "<group>"; };
		92326355EAA240B3A6522F68 /* libPods.a */ = {isa = PBXFileReference; explicitFileType = archive.ar; includeInIndex = 0; path = libPods.a; sourceTree = BUILT_PRODUCTS_DIR; };
		B60AA522192C0DC100B1914A /* Base64.h */ = {isa = PBXFileReference; fileEncoding = 4; lastKnownFileType = sourcecode.c.h; name = Base64.h; path = Libraries/Base64.h; sourceTree = "<group>"; };
		B60AA523192C0DC100B1914A /* Base64.m */ = {isa = PBXFileReference; fileEncoding = 4; lastKnownFileType = sourcecode.c.objc; name = Base64.m; path = Libraries/Base64.m; sourceTree = "<group>"; };
		B60AA524192C0DC100B1914A /* NSData+Base64.h */ = {isa = PBXFileReference; fileEncoding = 4; lastKnownFileType = sourcecode.c.h; name = "NSData+Base64.h"; path = "Libraries/NSData+Base64.h"; sourceTree = "<group>"; };
		B60AA525192C0DC100B1914A /* NSData+Base64.m */ = {isa = PBXFileReference; fileEncoding = 4; lastKnownFileType = sourcecode.c.objc; name = "NSData+Base64.m"; path = "Libraries/NSData+Base64.m"; sourceTree = "<group>"; };
		B622B169185CE0E1001FE09B /* FSNavigationBarWithSegmentedControl.h */ = {isa = PBXFileReference; fileEncoding = 4; lastKnownFileType = sourcecode.c.h; path = FSNavigationBarWithSegmentedControl.h; sourceTree = "<group>"; };
		B622B16A185CE0E1001FE09B /* FSNavigationBarWithSegmentedControl.m */ = {isa = PBXFileReference; fileEncoding = 4; lastKnownFileType = sourcecode.c.objc; path = FSNavigationBarWithSegmentedControl.m; sourceTree = "<group>"; };
		B622B16C185D3FAC001FE09B /* FSTorrent.h */ = {isa = PBXFileReference; fileEncoding = 4; lastKnownFileType = sourcecode.c.h; path = FSTorrent.h; sourceTree = "<group>"; };
		B622B16D185D3FAC001FE09B /* FSTorrent.m */ = {isa = PBXFileReference; fileEncoding = 4; lastKnownFileType = sourcecode.c.objc; path = FSTorrent.m; sourceTree = "<group>"; };
		B68A1BA11858D8B90016B37B /* rpctransmission.app */ = {isa = PBXFileReference; explicitFileType = wrapper.application; includeInIndex = 0; path = rpctransmission.app; sourceTree = BUILT_PRODUCTS_DIR; };
		B68A1BA41858D8B90016B37B /* Foundation.framework */ = {isa = PBXFileReference; lastKnownFileType = wrapper.framework; name = Foundation.framework; path = System/Library/Frameworks/Foundation.framework; sourceTree = SDKROOT; };
		B68A1BA61858D8B90016B37B /* CoreGraphics.framework */ = {isa = PBXFileReference; lastKnownFileType = wrapper.framework; name = CoreGraphics.framework; path = System/Library/Frameworks/CoreGraphics.framework; sourceTree = SDKROOT; };
		B68A1BA81858D8B90016B37B /* UIKit.framework */ = {isa = PBXFileReference; lastKnownFileType = wrapper.framework; name = UIKit.framework; path = System/Library/Frameworks/UIKit.framework; sourceTree = SDKROOT; };
		B68A1BAC1858D8B90016B37B /* rpctransmission-Info.plist */ = {isa = PBXFileReference; lastKnownFileType = text.plist.xml; path = "rpctransmission-Info.plist"; sourceTree = "<group>"; };
		B68A1BAE1858D8B90016B37B /* en */ = {isa = PBXFileReference; lastKnownFileType = text.plist.strings; name = en; path = en.lproj/InfoPlist.strings; sourceTree = "<group>"; };
		B68A1BB01858D8B90016B37B /* main.m */ = {isa = PBXFileReference; lastKnownFileType = sourcecode.c.objc; path = main.m; sourceTree = "<group>"; };
		B68A1BB21858D8B90016B37B /* rpctransmission-Prefix.pch */ = {isa = PBXFileReference; lastKnownFileType = sourcecode.c.h; path = "rpctransmission-Prefix.pch"; sourceTree = "<group>"; };
		B68A1BB31858D8B90016B37B /* FSAppDelegate.h */ = {isa = PBXFileReference; lastKnownFileType = sourcecode.c.h; path = FSAppDelegate.h; sourceTree = "<group>"; };
		B68A1BB41858D8B90016B37B /* FSAppDelegate.m */ = {isa = PBXFileReference; lastKnownFileType = sourcecode.c.objc; path = FSAppDelegate.m; sourceTree = "<group>"; };
		B68A1BB71858D8B90016B37B /* Base */ = {isa = PBXFileReference; lastKnownFileType = file.storyboard; name = Base; path = Base.lproj/Main_iPhone.storyboard; sourceTree = "<group>"; };
		B68A1BBA1858D8B90016B37B /* Base */ = {isa = PBXFileReference; lastKnownFileType = file.storyboard; name = Base; path = Base.lproj/Main_iPad.storyboard; sourceTree = "<group>"; };
		B68A1BC21858D8BA0016B37B /* Images.xcassets */ = {isa = PBXFileReference; lastKnownFileType = folder.assetcatalog; path = Images.xcassets; sourceTree = "<group>"; };
		B68A1BC81858D8BA0016B37B /* rpctransmissionTests.xctest */ = {isa = PBXFileReference; explicitFileType = wrapper.cfbundle; includeInIndex = 0; path = rpctransmissionTests.xctest; sourceTree = BUILT_PRODUCTS_DIR; };
		B68A1BC91858D8BA0016B37B /* XCTest.framework */ = {isa = PBXFileReference; lastKnownFileType = wrapper.framework; name = XCTest.framework; path = Library/Frameworks/XCTest.framework; sourceTree = DEVELOPER_DIR; };
		B68A1BD11858D8BA0016B37B /* rpctransmissionTests-Info.plist */ = {isa = PBXFileReference; lastKnownFileType = text.plist.xml; path = "rpctransmissionTests-Info.plist"; sourceTree = "<group>"; };
		B68A1BD31858D8BA0016B37B /* en */ = {isa = PBXFileReference; lastKnownFileType = text.plist.strings; name = en; path = en.lproj/InfoPlist.strings; sourceTree = "<group>"; };
		B68A1BD51858D8BA0016B37B /* rpctransmissionTests.m */ = {isa = PBXFileReference; lastKnownFileType = sourcecode.c.objc; path = rpctransmissionTests.m; sourceTree = "<group>"; };
		B68A1BE01858D9410016B37B /* FSTorrentsViewController.h */ = {isa = PBXFileReference; fileEncoding = 4; lastKnownFileType = sourcecode.c.h; path = FSTorrentsViewController.h; sourceTree = "<group>"; };
		B68A1BE11858D9410016B37B /* FSTorrentsViewController.m */ = {isa = PBXFileReference; fileEncoding = 4; lastKnownFileType = sourcecode.c.objc; path = FSTorrentsViewController.m; sourceTree = "<group>"; };
/* End PBXFileReference section */

/* Begin PBXFrameworksBuildPhase section */
		B68A1B9E1858D8B90016B37B /* Frameworks */ = {
			isa = PBXFrameworksBuildPhase;
			buildActionMask = 2147483647;
			files = (
				B68A1BA71858D8B90016B37B /* CoreGraphics.framework in Frameworks */,
				B68A1BA91858D8B90016B37B /* UIKit.framework in Frameworks */,
				B68A1BA51858D8B90016B37B /* Foundation.framework in Frameworks */,
				AC0980BCA303462A9DCBF4A0 /* libPods.a in Frameworks */,
			);
			runOnlyForDeploymentPostprocessing = 0;
		};
		B68A1BC51858D8BA0016B37B /* Frameworks */ = {
			isa = PBXFrameworksBuildPhase;
			buildActionMask = 2147483647;
			files = (
				B68A1BCA1858D8BA0016B37B /* XCTest.framework in Frameworks */,
				B68A1BCC1858D8BA0016B37B /* UIKit.framework in Frameworks */,
				B68A1BCB1858D8BA0016B37B /* Foundation.framework in Frameworks */,
			);
			runOnlyForDeploymentPostprocessing = 0;
		};
/* End PBXFrameworksBuildPhase section */

/* Begin PBXGroup section */
		B60AA521192C0DB200B1914A /* Base64 */ = {
			isa = PBXGroup;
			children = (
				B60AA522192C0DC100B1914A /* Base64.h */,
				B60AA523192C0DC100B1914A /* Base64.m */,
				B60AA524192C0DC100B1914A /* NSData+Base64.h */,
				B60AA525192C0DC100B1914A /* NSData+Base64.m */,
			);
			name = Base64;
			sourceTree = "<group>";
		};
		B622B16F185D3FB3001FE09B /* Objects */ = {
			isa = PBXGroup;
			children = (
				B622B169185CE0E1001FE09B /* FSNavigationBarWithSegmentedControl.h */,
				B622B16A185CE0E1001FE09B /* FSNavigationBarWithSegmentedControl.m */,
				B622B16C185D3FAC001FE09B /* FSTorrent.h */,
				B622B16D185D3FAC001FE09B /* FSTorrent.m */,
			);
			name = Objects;
			sourceTree = "<group>";
		};
		B68A1B981858D8B90016B37B = {
			isa = PBXGroup;
			children = (
				B68A1BAA1858D8B90016B37B /* rpctransmission */,
				B68A1BCF1858D8BA0016B37B /* rpctransmissionTests */,
				B68A1BA31858D8B90016B37B /* Frameworks */,
				B68A1BA21858D8B90016B37B /* Products */,
				85668CDE2DE14290B3A25B23 /* Pods.xcconfig */,
			);
			sourceTree = "<group>";
		};
		B68A1BA21858D8B90016B37B /* Products */ = {
			isa = PBXGroup;
			children = (
				B68A1BA11858D8B90016B37B /* rpctransmission.app */,
				B68A1BC81858D8BA0016B37B /* rpctransmissionTests.xctest */,
			);
			name = Products;
			sourceTree = "<group>";
		};
		B68A1BA31858D8B90016B37B /* Frameworks */ = {
			isa = PBXGroup;
			children = (
				B60AA521192C0DB200B1914A /* Base64 */,
				B68A1BA41858D8B90016B37B /* Foundation.framework */,
				B68A1BA61858D8B90016B37B /* CoreGraphics.framework */,
				B68A1BA81858D8B90016B37B /* UIKit.framework */,
				B68A1BC91858D8BA0016B37B /* XCTest.framework */,
				92326355EAA240B3A6522F68 /* libPods.a */,
			);
			name = Frameworks;
			sourceTree = "<group>";
		};
		B68A1BAA1858D8B90016B37B /* rpctransmission */ = {
			isa = PBXGroup;
			children = (
				B68A1BDF1858D8D50016B37B /* Storyboards */,
				B622B16F185D3FB3001FE09B /* Objects */,
				B68A1BB31858D8B90016B37B /* FSAppDelegate.h */,
				B68A1BB41858D8B90016B37B /* FSAppDelegate.m */,
				B68A1BE01858D9410016B37B /* FSTorrentsViewController.h */,
				B68A1BE11858D9410016B37B /* FSTorrentsViewController.m */,
				B68A1BC21858D8BA0016B37B /* Images.xcassets */,
				B68A1BAB1858D8B90016B37B /* Supporting Files */,
			);
			path = rpctransmission;
			sourceTree = "<group>";
		};
		B68A1BAB1858D8B90016B37B /* Supporting Files */ = {
			isa = PBXGroup;
			children = (
				B68A1BAC1858D8B90016B37B /* rpctransmission-Info.plist */,
				B68A1BAD1858D8B90016B37B /* InfoPlist.strings */,
				B68A1BB01858D8B90016B37B /* main.m */,
				B68A1BB21858D8B90016B37B /* rpctransmission-Prefix.pch */,
			);
			name = "Supporting Files";
			sourceTree = "<group>";
		};
		B68A1BCF1858D8BA0016B37B /* rpctransmissionTests */ = {
			isa = PBXGroup;
			children = (
				B68A1BD51858D8BA0016B37B /* rpctransmissionTests.m */,
				B68A1BD01858D8BA0016B37B /* Supporting Files */,
			);
			path = rpctransmissionTests;
			sourceTree = "<group>";
		};
		B68A1BD01858D8BA0016B37B /* Supporting Files */ = {
			isa = PBXGroup;
			children = (
				B68A1BD11858D8BA0016B37B /* rpctransmissionTests-Info.plist */,
				B68A1BD21858D8BA0016B37B /* InfoPlist.strings */,
			);
			name = "Supporting Files";
			sourceTree = "<group>";
		};
		B68A1BDF1858D8D50016B37B /* Storyboards */ = {
			isa = PBXGroup;
			children = (
				B68A1BB61858D8B90016B37B /* Main_iPhone.storyboard */,
				B68A1BB91858D8B90016B37B /* Main_iPad.storyboard */,
			);
			name = Storyboards;
			sourceTree = "<group>";
		};
/* End PBXGroup section */

/* Begin PBXNativeTarget section */
		B68A1BA01858D8B90016B37B /* rpctransmission */ = {
			isa = PBXNativeTarget;
			buildConfigurationList = B68A1BD91858D8BA0016B37B /* Build configuration list for PBXNativeTarget "rpctransmission" */;
			buildPhases = (
				CEA0F61501C8413BBA576F13 /* Check Pods Manifest.lock */,
				B68A1B9D1858D8B90016B37B /* Sources */,
				B68A1B9E1858D8B90016B37B /* Frameworks */,
				B68A1B9F1858D8B90016B37B /* Resources */,
				BAE5733BA21F4B8CADD16310 /* Copy Pods Resources */,
			);
			buildRules = (
			);
			dependencies = (
			);
			name = rpctransmission;
			productName = rpctransmission;
			productReference = B68A1BA11858D8B90016B37B /* rpctransmission.app */;
			productType = "com.apple.product-type.application";
		};
		B68A1BC71858D8BA0016B37B /* rpctransmissionTests */ = {
			isa = PBXNativeTarget;
			buildConfigurationList = B68A1BDC1858D8BA0016B37B /* Build configuration list for PBXNativeTarget "rpctransmissionTests" */;
			buildPhases = (
				B68A1BC41858D8BA0016B37B /* Sources */,
				B68A1BC51858D8BA0016B37B /* Frameworks */,
				B68A1BC61858D8BA0016B37B /* Resources */,
			);
			buildRules = (
			);
			dependencies = (
				B68A1BCE1858D8BA0016B37B /* PBXTargetDependency */,
			);
			name = rpctransmissionTests;
			productName = rpctransmissionTests;
			productReference = B68A1BC81858D8BA0016B37B /* rpctransmissionTests.xctest */;
			productType = "com.apple.product-type.bundle.unit-test";
		};
/* End PBXNativeTarget section */

/* Begin PBXProject section */
		B68A1B991858D8B90016B37B /* Project object */ = {
			isa = PBXProject;
			attributes = {
				CLASSPREFIX = FS;
				LastUpgradeCheck = 0510;
				ORGANIZATIONNAME = "Florent Segouin";
				TargetAttributes = {
					B68A1BC71858D8BA0016B37B = {
						TestTargetID = B68A1BA01858D8B90016B37B;
					};
				};
			};
			buildConfigurationList = B68A1B9C1858D8B90016B37B /* Build configuration list for PBXProject "rpctransmission" */;
			compatibilityVersion = "Xcode 3.2";
			developmentRegion = English;
			hasScannedForEncodings = 0;
			knownRegions = (
				en,
				Base,
			);
			mainGroup = B68A1B981858D8B90016B37B;
			productRefGroup = B68A1BA21858D8B90016B37B /* Products */;
			projectDirPath = "";
			projectRoot = "";
			targets = (
				B68A1BA01858D8B90016B37B /* rpctransmission */,
				B68A1BC71858D8BA0016B37B /* rpctransmissionTests */,
			);
		};
/* End PBXProject section */

/* Begin PBXResourcesBuildPhase section */
		B68A1B9F1858D8B90016B37B /* Resources */ = {
			isa = PBXResourcesBuildPhase;
			buildActionMask = 2147483647;
			files = (
				B68A1BBB1858D8B90016B37B /* Main_iPad.storyboard in Resources */,
				B68A1BC31858D8BA0016B37B /* Images.xcassets in Resources */,
				B68A1BB81858D8B90016B37B /* Main_iPhone.storyboard in Resources */,
				B68A1BAF1858D8B90016B37B /* InfoPlist.strings in Resources */,
			);
			runOnlyForDeploymentPostprocessing = 0;
		};
		B68A1BC61858D8BA0016B37B /* Resources */ = {
			isa = PBXResourcesBuildPhase;
			buildActionMask = 2147483647;
			files = (
				B68A1BD41858D8BA0016B37B /* InfoPlist.strings in Resources */,
			);
			runOnlyForDeploymentPostprocessing = 0;
		};
/* End PBXResourcesBuildPhase section */

/* Begin PBXShellScriptBuildPhase section */
		BAE5733BA21F4B8CADD16310 /* Copy Pods Resources */ = {
			isa = PBXShellScriptBuildPhase;
			buildActionMask = 2147483647;
			files = (
			);
			inputPaths = (
			);
			name = "Copy Pods Resources";
			outputPaths = (
			);
			runOnlyForDeploymentPostprocessing = 0;
			shellPath = /bin/sh;
			shellScript = "\"${SRCROOT}/Pods/Pods-resources.sh\"\n";
			showEnvVarsInLog = 0;
		};
		CEA0F61501C8413BBA576F13 /* Check Pods Manifest.lock */ = {
			isa = PBXShellScriptBuildPhase;
			buildActionMask = 2147483647;
			files = (
			);
			inputPaths = (
			);
			name = "Check Pods Manifest.lock";
			outputPaths = (
			);
			runOnlyForDeploymentPostprocessing = 0;
			shellPath = /bin/sh;
			shellScript = "diff \"${PODS_ROOT}/../Podfile.lock\" \"${PODS_ROOT}/Manifest.lock\" > /dev/null\nif [[ $? != 0 ]] ; then\n    cat << EOM\nerror: The sandbox is not in sync with the Podfile.lock. Run 'pod install' or update your CocoaPods installation.\nEOM\n    exit 1\nfi\n";
			showEnvVarsInLog = 0;
		};
/* End PBXShellScriptBuildPhase section */

/* Begin PBXSourcesBuildPhase section */
		B68A1B9D1858D8B90016B37B /* Sources */ = {
			isa = PBXSourcesBuildPhase;
			buildActionMask = 2147483647;
			files = (
				B68A1BB11858D8B90016B37B /* main.m in Sources */,
				B68A1BB51858D8B90016B37B /* FSAppDelegate.m in Sources */,
				B68A1BE21858D9410016B37B /* FSTorrentsViewController.m in Sources */,
				B60AA527192C0DC100B1914A /* NSData+Base64.m in Sources */,
				B622B16E185D3FAC001FE09B /* FSTorrent.m in Sources */,
				B60AA526192C0DC100B1914A /* Base64.m in Sources */,
				B622B16B185CE0E1001FE09B /* FSNavigationBarWithSegmentedControl.m in Sources */,
			);
			runOnlyForDeploymentPostprocessing = 0;
		};
		B68A1BC41858D8BA0016B37B /* Sources */ = {
			isa = PBXSourcesBuildPhase;
			buildActionMask = 2147483647;
			files = (
				B68A1BD61858D8BA0016B37B /* rpctransmissionTests.m in Sources */,
			);
			runOnlyForDeploymentPostprocessing = 0;
		};
/* End PBXSourcesBuildPhase section */

/* Begin PBXTargetDependency section */
		B68A1BCE1858D8BA0016B37B /* PBXTargetDependency */ = {
			isa = PBXTargetDependency;
			target = B68A1BA01858D8B90016B37B /* rpctransmission */;
			targetProxy = B68A1BCD1858D8BA0016B37B /* PBXContainerItemProxy */;
		};
/* End PBXTargetDependency section */

/* Begin PBXVariantGroup section */
		B68A1BAD1858D8B90016B37B /* InfoPlist.strings */ = {
			isa = PBXVariantGroup;
			children = (
				B68A1BAE1858D8B90016B37B /* en */,
			);
			name = InfoPlist.strings;
			sourceTree = "<group>";
		};
		B68A1BB61858D8B90016B37B /* Main_iPhone.storyboard */ = {
			isa = PBXVariantGroup;
			children = (
				B68A1BB71858D8B90016B37B /* Base */,
			);
			name = Main_iPhone.storyboard;
			sourceTree = "<group>";
		};
		B68A1BB91858D8B90016B37B /* Main_iPad.storyboard */ = {
			isa = PBXVariantGroup;
			children = (
				B68A1BBA1858D8B90016B37B /* Base */,
			);
			name = Main_iPad.storyboard;
			sourceTree = "<group>";
		};
		B68A1BD21858D8BA0016B37B /* InfoPlist.strings */ = {
			isa = PBXVariantGroup;
			children = (
				B68A1BD31858D8BA0016B37B /* en */,
			);
			name = InfoPlist.strings;
			sourceTree = "<group>";
		};
/* End PBXVariantGroup section */

/* Begin XCBuildConfiguration section */
		B68A1BD71858D8BA0016B37B /* Debug */ = {
			isa = XCBuildConfiguration;
			buildSettings = {
				ALWAYS_SEARCH_USER_PATHS = NO;
				CLANG_CXX_LANGUAGE_STANDARD = "gnu++0x";
				CLANG_CXX_LIBRARY = "libc++";
				CLANG_ENABLE_MODULES = YES;
				CLANG_ENABLE_OBJC_ARC = YES;
				CLANG_WARN_BOOL_CONVERSION = YES;
				CLANG_WARN_CONSTANT_CONVERSION = YES;
				CLANG_WARN_DIRECT_OBJC_ISA_USAGE = YES_ERROR;
				CLANG_WARN_EMPTY_BODY = YES;
				CLANG_WARN_ENUM_CONVERSION = YES;
				CLANG_WARN_INT_CONVERSION = YES;
				CLANG_WARN_OBJC_ROOT_CLASS = YES_ERROR;
				CLANG_WARN__DUPLICATE_METHOD_MATCH = YES;
				"CODE_SIGN_IDENTITY[sdk=iphoneos*]" = "iPhone Developer";
				COPY_PHASE_STRIP = NO;
				GCC_C_LANGUAGE_STANDARD = gnu99;
				GCC_DYNAMIC_NO_PIC = NO;
				GCC_OPTIMIZATION_LEVEL = 0;
				GCC_PREPROCESSOR_DEFINITIONS = (
					"DEBUG=1",
					"$(inherited)",
				);
				GCC_SYMBOLS_PRIVATE_EXTERN = NO;
				GCC_WARN_64_TO_32_BIT_CONVERSION = YES;
				GCC_WARN_ABOUT_RETURN_TYPE = YES_ERROR;
				GCC_WARN_UNDECLARED_SELECTOR = YES;
				GCC_WARN_UNINITIALIZED_AUTOS = YES;
				GCC_WARN_UNUSED_FUNCTION = YES;
				GCC_WARN_UNUSED_VARIABLE = YES;
				IPHONEOS_DEPLOYMENT_TARGET = 7.0;
				ONLY_ACTIVE_ARCH = YES;
				SDKROOT = iphoneos;
				TARGETED_DEVICE_FAMILY = "1,2";
			};
			name = Debug;
		};
		B68A1BD81858D8BA0016B37B /* Release */ = {
			isa = XCBuildConfiguration;
			buildSettings = {
				ALWAYS_SEARCH_USER_PATHS = NO;
				CLANG_CXX_LANGUAGE_STANDARD = "gnu++0x";
				CLANG_CXX_LIBRARY = "libc++";
				CLANG_ENABLE_MODULES = YES;
				CLANG_ENABLE_OBJC_ARC = YES;
				CLANG_WARN_BOOL_CONVERSION = YES;
				CLANG_WARN_CONSTANT_CONVERSION = YES;
				CLANG_WARN_DIRECT_OBJC_ISA_USAGE = YES_ERROR;
				CLANG_WARN_EMPTY_BODY = YES;
				CLANG_WARN_ENUM_CONVERSION = YES;
				CLANG_WARN_INT_CONVERSION = YES;
				CLANG_WARN_OBJC_ROOT_CLASS = YES_ERROR;
				CLANG_WARN__DUPLICATE_METHOD_MATCH = YES;
				"CODE_SIGN_IDENTITY[sdk=iphoneos*]" = "iPhone Developer";
				COPY_PHASE_STRIP = YES;
				ENABLE_NS_ASSERTIONS = NO;
				GCC_C_LANGUAGE_STANDARD = gnu99;
				GCC_WARN_64_TO_32_BIT_CONVERSION = YES;
				GCC_WARN_ABOUT_RETURN_TYPE = YES_ERROR;
				GCC_WARN_UNDECLARED_SELECTOR = YES;
				GCC_WARN_UNINITIALIZED_AUTOS = YES;
				GCC_WARN_UNUSED_FUNCTION = YES;
				GCC_WARN_UNUSED_VARIABLE = YES;
				IPHONEOS_DEPLOYMENT_TARGET = 7.0;
				SDKROOT = iphoneos;
				TARGETED_DEVICE_FAMILY = "1,2";
				VALIDATE_PRODUCT = YES;
			};
			name = Release;
		};
		B68A1BDA1858D8BA0016B37B /* Debug */ = {
			isa = XCBuildConfiguration;
			baseConfigurationReference = 85668CDE2DE14290B3A25B23 /* Pods.xcconfig */;
			buildSettings = {
				ASSETCATALOG_COMPILER_APPICON_NAME = AppIcon;
				ASSETCATALOG_COMPILER_LAUNCHIMAGE_NAME = LaunchImage;
				GCC_PRECOMPILE_PREFIX_HEADER = YES;
				GCC_PREFIX_HEADER = "rpctransmission/rpctransmission-Prefix.pch";
				INFOPLIST_FILE = "rpctransmission/rpctransmission-Info.plist";
				LIBRARY_SEARCH_PATHS = (
					"$(inherited)",
					/Users/florentsegouin/Dropbox/Programmation/ObjC/rpctransmission/rpctransmission,
					/Users/florentsegouin/Dropbox/Programmation/ObjC/rpctransmission,
					/Users/florentsegouin/Desktop,
				);
				PRODUCT_NAME = "$(TARGET_NAME)";
				WRAPPER_EXTENSION = app;
			};
			name = Debug;
		};
		B68A1BDB1858D8BA0016B37B /* Release */ = {
			isa = XCBuildConfiguration;
			baseConfigurationReference = 85668CDE2DE14290B3A25B23 /* Pods.xcconfig */;
			buildSettings = {
				ASSETCATALOG_COMPILER_APPICON_NAME = AppIcon;
				ASSETCATALOG_COMPILER_LAUNCHIMAGE_NAME = LaunchImage;
				GCC_PRECOMPILE_PREFIX_HEADER = YES;
				GCC_PREFIX_HEADER = "rpctransmission/rpctransmission-Prefix.pch";
				INFOPLIST_FILE = "rpctransmission/rpctransmission-Info.plist";
				LIBRARY_SEARCH_PATHS = (
					"$(inherited)",
					/Users/florentsegouin/Dropbox/Programmation/ObjC/rpctransmission/rpctransmission,
					/Users/florentsegouin/Dropbox/Programmation/ObjC/rpctransmission,
					/Users/florentsegouin/Desktop,
				);
				PRODUCT_NAME = "$(TARGET_NAME)";
				WRAPPER_EXTENSION = app;
			};
			name = Release;
		};
		B68A1BDD1858D8BA0016B37B /* Debug */ = {
			isa = XCBuildConfiguration;
			buildSettings = {
				BUNDLE_LOADER = "$(BUILT_PRODUCTS_DIR)/rpctransmission.app/rpctransmission";
				FRAMEWORK_SEARCH_PATHS = (
					"$(SDKROOT)/Developer/Library/Frameworks",
					"$(inherited)",
					"$(DEVELOPER_FRAMEWORKS_DIR)",
				);
				GCC_PRECOMPILE_PREFIX_HEADER = YES;
				GCC_PREFIX_HEADER = "rpctransmission/rpctransmission-Prefix.pch";
				GCC_PREPROCESSOR_DEFINITIONS = (
					"DEBUG=1",
					"$(inherited)",
				);
				INFOPLIST_FILE = "rpctransmissionTests/rpctransmissionTests-Info.plist";
				PRODUCT_NAME = "$(TARGET_NAME)";
				TEST_HOST = "$(BUNDLE_LOADER)";
				WRAPPER_EXTENSION = xctest;
			};
			name = Debug;
		};
		B68A1BDE1858D8BA0016B37B /* Release */ = {
			isa = XCBuildConfiguration;
			buildSettings = {
				BUNDLE_LOADER = "$(BUILT_PRODUCTS_DIR)/rpctransmission.app/rpctransmission";
				FRAMEWORK_SEARCH_PATHS = (
					"$(SDKROOT)/Developer/Library/Frameworks",
					"$(inherited)",
					"$(DEVELOPER_FRAMEWORKS_DIR)",
				);
				GCC_PRECOMPILE_PREFIX_HEADER = YES;
				GCC_PREFIX_HEADER = "rpctransmission/rpctransmission-Prefix.pch";
				INFOPLIST_FILE = "rpctransmissionTests/rpctransmissionTests-Info.plist";
				PRODUCT_NAME = "$(TARGET_NAME)";
				TEST_HOST = "$(BUNDLE_LOADER)";
				WRAPPER_EXTENSION = xctest;
			};
			name = Release;
		};
/* End XCBuildConfiguration section */

/* Begin XCConfigurationList section */
		B68A1B9C1858D8B90016B37B /* Build configuration list for PBXProject "rpctransmission" */ = {
			isa = XCConfigurationList;
			buildConfigurations = (
				B68A1BD71858D8BA0016B37B /* Debug */,
				B68A1BD81858D8BA0016B37B /* Release */,
			);
			defaultConfigurationIsVisible = 0;
			defaultConfigurationName = Release;
		};
		B68A1BD91858D8BA0016B37B /* Build configuration list for PBXNativeTarget "rpctransmission" */ = {
			isa = XCConfigurationList;
			buildConfigurations = (
				B68A1BDA1858D8BA0016B37B /* Debug */,
				B68A1BDB1858D8BA0016B37B /* Release */,
			);
			defaultConfigurationIsVisible = 0;
			defaultConfigurationName = Release;
		};
		B68A1BDC1858D8BA0016B37B /* Build configuration list for PBXNativeTarget "rpctransmissionTests" */ = {
			isa = XCConfigurationList;
			buildConfigurations = (
				B68A1BDD1858D8BA0016B37B /* Debug */,
				B68A1BDE1858D8BA0016B37B /* Release */,
			);
			defaultConfigurationIsVisible = 0;
			defaultConfigurationName = Release;
		};
/* End XCConfigurationList section */
	};
	rootObject = B68A1B991858D8B90016B37B /* Project object */;
}
